
Microsoft Visual Studio Solution File, Format Version 12.00
# Visual Studio Version 17
VisualStudioVersion = 17.9.34607.119
MinimumVisualStudioVersion = 10.0.40219.1
Project("{FAE04EC0-301F-11D3-BF4B-00C04F79EFBC}") = "WebAPI", "WebAPI\WebAPI.csproj", "{896BBA84-ADB5-46BA-BA83-A9FDD4926ACF}"
EndProject
Global
	GlobalSection(SolutionConfigurationPlatforms) = preSolution
		Debug|Any CPU = Debug|Any CPU
		Release|Any CPU = Release|Any CPU
	EndGlobalSection
	GlobalSection(ProjectConfigurationPlatforms) = postSolution
		{896BBA84-ADB5-46BA-BA83-A9FDD4926ACF}.Debug|Any CPU.ActiveCfg = Debug|Any CPU
		{896BBA84-ADB5-46BA-BA83-A9FDD4926ACF}.Debug|Any CPU.Build.0 = Debug|Any CPU
		{896BBA84-ADB5-46BA-BA83-A9FDD4926ACF}.Release|Any CPU.ActiveCfg = Release|Any CPU
		{896BBA84-ADB5-46BA-BA83-A9FDD4926ACF}.Release|Any CPU.Build.0 = Release|Any CPU
	EndGlobalSection
	GlobalSection(SolutionProperties) = preSolution
		HideSolutionNode = FALSE
	EndGlobalSection
	GlobalSection(ExtensibilityGlobals) = postSolution
		SolutionGuid = {6949439C-B17C-4BBA-BDF7-924CC546A871}
	EndGlobalSection
EndGlobal
